
Microsoft Visual Studio Solution File, Format Version 12.00
# Visual Studio Version 16
VisualStudioVersion = 16.0.28803.452
MinimumVisualStudioVersion = 10.0.40219.1
Project("{888888A0-9F3D-457C-B088-3A5042F75D52}") = "倒计时", "倒计时.pyproj", "{AFB913E6-7C37-436B-B692-30A021A70009}"
EndProject
Global
	GlobalSection(SolutionConfigurationPlatforms) = preSolution
		Debug|Any CPU = Debug|Any CPU
		Release|Any CPU = Release|Any CPU
	EndGlobalSection
	GlobalSection(ProjectConfigurationPlatforms) = postSolution
		{AFB913E6-7C37-436B-B692-30A021A70009}.Debug|Any CPU.ActiveCfg = Debug|Any CPU
		{AFB913E6-7C37-436B-B692-30A021A70009}.Release|Any CPU.ActiveCfg = Release|Any CPU
	EndGlobalSection
	GlobalSection(SolutionProperties) = preSolution
		HideSolutionNode = FALSE
	EndGlobalSection
	GlobalSection(ExtensibilityGlobals) = postSolution
		SolutionGuid = {2D817BC9-872E-4A14-9455-0983F8C70E06}
	EndGlobalSection
EndGlobal
